{
  "name": "seam-scanner",
  "version": "1.1.0",
  "lockfileVersion": 3,
  "requires": true,
  "packages": {
    "": {
      "name": "seam-scanner",
      "version": "1.1.0",
      "license": "MIT",
      "dependencies": {
        "@heyphat/piner": "0.13.0"
      },
      "engines": {
        "node": ">=22.18"
      }
    },
    "node_modules/@heyphat/piner": {
      "version": "0.13.0",
      "resolved": "https://registry.npmjs.org/@heyphat/piner/-/piner-0.13.0.tgz",
      "integrity": "sha512-wyZp7irvRiBBoSkLINDqufqRsc6rZH7uoIwk1dZHlKIkLBz+fpeBi7mbgumRxiyBNZf2dN6YmiE6swRhWE9wNw==",
      "license": "AGPL-3.0-only",
      "engines": {
        "node": ">=18"
      }
    }
  }
}
