{
  "name": "seam-engine-tests",
  "version": "1.0.0",
  "lockfileVersion": 3,
  "requires": true,
  "packages": {
    "": {
      "name": "seam-engine-tests",
      "version": "1.0.0",
      "license": "MIT",
      "devDependencies": {
        "@heyphat/piner": "0.13.0",
        "@nullarch/resin": "0.2.2"
      },
      "engines": {
        "node": ">=22.18"
      }
    },
    "node_modules/@heyphat/piner": {
      "version": "0.13.0",
      "resolved": "https://registry.npmjs.org/@heyphat/piner/-/piner-0.13.0.tgz",
      "integrity": "sha512-wyZp7irvRiBBoSkLINDqufqRsc6rZH7uoIwk1dZHlKIkLBz+fpeBi7mbgumRxiyBNZf2dN6YmiE6swRhWE9wNw==",
      "dev": true,
      "license": "AGPL-3.0-only",
      "engines": {
        "node": ">=18"
      }
    },
    "node_modules/@nullarch/resin": {
      "version": "0.2.2",
      "resolved": "https://registry.npmjs.org/@nullarch/resin/-/resin-0.2.2.tgz",
      "integrity": "sha512-XarlO+N8hyIaiNSSMmFVlvYoTJp6fgodcbkR+cc2er7dMmxfygCVNYSJv/F3qJe5Zk70LnkvurNpZKzRNkPwpQ==",
      "dev": true,
      "license": "Apache-2.0",
      "bin": {
        "resin": "bin/resin.mjs"
      },
      "engines": {
        "node": ">=22.18"
      }
    }
  }
}
